
Microsoft Visual Studio Solution File, Format Version 12.00
# Visual Studio Version 17
VisualStudioVersion = 17.8.34525.116
MinimumVisualStudioVersion = 10.0.40219.1
Project("{FAE04EC0-301F-11D3-BF4B-00C04F79EFBC}") = "ConsoleAppIngressos", "ConsoleAppIngressos\ConsoleAppIngressos.csproj", "{1F32314E-9DCF-4329-98DC-92A207C46EAC}"
EndProject
Global
	GlobalSection(SolutionConfigurationPlatforms) = preSolution
		Debug|Any CPU = Debug|Any CPU
		Release|Any CPU = Release|Any CPU
	EndGlobalSection
	GlobalSection(ProjectConfigurationPlatforms) = postSolution
		{1F32314E-9DCF-4329-98DC-92A207C46EAC}.Debug|Any CPU.ActiveCfg = Debug|Any CPU
		{1F32314E-9DCF-4329-98DC-92A207C46EAC}.Debug|Any CPU.Build.0 = Debug|Any CPU
		{1F32314E-9DCF-4329-98DC-92A207C46EAC}.Release|Any CPU.ActiveCfg = Release|Any CPU
		{1F32314E-9DCF-4329-98DC-92A207C46EAC}.Release|Any CPU.Build.0 = Release|Any CPU
	EndGlobalSection
	GlobalSection(SolutionProperties) = preSolution
		HideSolutionNode = FALSE
	EndGlobalSection
	GlobalSection(ExtensibilityGlobals) = postSolution
		SolutionGuid = {1A416B8A-194C-414F-9BF4-1DC654D412D5}
	EndGlobalSection
EndGlobal
